// !$*UTF8*$!
{
	archiveVersion = 1;
	classes = {
	};
	objectVersion = 46;
	objects = {

/* Begin PBXBuildFile section */
		8DE9023E1B65AEFD00F0C5A6 /* main.m in Sources */ = {isa = PBXBuildFile; fileRef = 8DE9023D1B65AEFD00F0C5A6 /* main.m */; };
		8DE902411B65AEFD00F0C5A6 /* AppDelegate.m in Sources */ = {isa = PBXBuildFile; fileRef = 8DE902401B65AEFD00F0C5A6 /* AppDelegate.m */; };
		8DE902441B65AEFD00F0C5A6 /* ViewController.m in Sources */ = {isa = PBXBuildFile; fileRef = 8DE902431B65AEFD00F0C5A6 /* ViewController.m */; };
		8DE902471B65AEFD00F0C5A6 /* Main.storyboard in Resources */ = {isa = PBXBuildFile; fileRef = 8DE902451B65AEFD00F0C5A6 /* Main.storyboard */; };
		8DE902491B65AEFD00F0C5A6 /* Images.xcassets in Resources */ = {isa = PBXBuildFile; fileRef = 8DE902481B65AEFD00F0C5A6 /* Images.xcassets */; };
		8DE9024C1B65AEFD00F0C5A6 /* LaunchScreen.xib in Resources */ = {isa = PBXBuildFile; fileRef = 8DE9024A1B65AEFD00F0C5A6 /* LaunchScreen.xib */; };
		8DE902581B65AEFE00F0C5A6 /* WirestormChallengeTests.m in Sources */ = {isa = PBXBuildFile; fileRef = 8DE902571B65AEFE00F0C5A6 /* WirestormChallengeTests.m */; };
		8DE902661B65AFA800F0C5A6 /* PostsTableViewController.m in Sources */ = {isa = PBXBuildFile; fileRef = 8DE902651B65AFA800F0C5A6 /* PostsTableViewController.m */; };
		8DE902691B65B02E00F0C5A6 /* Post.m in Sources */ = {isa = PBXBuildFile; fileRef = 8DE902681B65B02E00F0C5A6 /* Post.m */; };
		8DE9026C1B65B36100F0C5A6 /* ServerCalls.m in Sources */ = {isa = PBXBuildFile; fileRef = 8DE9026B1B65B36100F0C5A6 /* ServerCalls.m */; };
/* End PBXBuildFile section */

/* Begin PBXContainerItemProxy section */
		8DE902521B65AEFE00F0C5A6 /* PBXContainerItemProxy */ = {
			isa = PBXContainerItemProxy;
			containerPortal = 8DE902301B65AEFD00F0C5A6 /* Project object */;
			proxyType = 1;
			remoteGlobalIDString = 8DE902371B65AEFD00F0C5A6;
			remoteInfo = WirestormChallenge;
		};
/* End PBXContainerItemProxy section */

/* Begin PBXFileReference section */
		8DE902381B65AEFD00F0C5A6 /* WirestormChallenge.app */ = {isa = PBXFileReference; explicitFileType = wrapper.application; includeInIndex = 0; path = WirestormChallenge.app; sourceTree = BUILT_PRODUCTS_DIR; };
		8DE9023C1B65AEFD00F0C5A6 /* Info.plist */ = {isa = PBXFileReference; lastKnownFileType = text.plist.xml; path = Info.plist; sourceTree = "<group>"; };
		8DE9023D1B65AEFD00F0C5A6 /* main.m */ = {isa = PBXFileReference; lastKnownFileType = sourcecode.c.objc; path = main.m; sourceTree = "<group>"; };
		8DE9023F1B65AEFD00F0C5A6 /* AppDelegate.h */ = {isa = PBXFileReference; lastKnownFileType = sourcecode.c.h; path = AppDelegate.h; sourceTree = "<group>"; };
		8DE902401B65AEFD00F0C5A6 /* AppDelegate.m */ = {isa = PBXFileReference; lastKnownFileType = sourcecode.c.objc; path = AppDelegate.m; sourceTree = "<group>"; };
		8DE902421B65AEFD00F0C5A6 /* ViewController.h */ = {isa = PBXFileReference; lastKnownFileType = sourcecode.c.h; path = ViewController.h; sourceTree = "<group>"; };
		8DE902431B65AEFD00F0C5A6 /* ViewController.m */ = {isa = PBXFileReference; lastKnownFileType = sourcecode.c.objc; path = ViewController.m; sourceTree = "<group>"; };
		8DE902461B65AEFD00F0C5A6 /* Base */ = {isa = PBXFileReference; lastKnownFileType = file.storyboard; name = Base; path = Base.lproj/Main.storyboard; sourceTree = "<group>"; };
		8DE902481B65AEFD00F0C5A6 /* Images.xcassets */ = {isa = PBXFileReference; lastKnownFileType = folder.assetcatalog; path = Images.xcassets; sourceTree = "<group>"; };
		8DE9024B1B65AEFD00F0C5A6 /* Base */ = {isa = PBXFileReference; lastKnownFileType = file.xib; name = Base; path = Base.lproj/LaunchScreen.xib; sourceTree = "<group>"; };
		8DE902511B65AEFE00F0C5A6 /* WirestormChallengeTests.xctest */ = {isa = PBXFileReference; explicitFileType = wrapper.cfbundle; includeInIndex = 0; path = WirestormChallengeTests.xctest; sourceTree = BUILT_PRODUCTS_DIR; };
		8DE902561B65AEFE00F0C5A6 /* Info.plist */ = {isa = PBXFileReference; lastKnownFileType = text.plist.xml; path = Info.plist; sourceTree = "<group>"; };
		8DE902571B65AEFE00F0C5A6 /* WirestormChallengeTests.m */ = {isa = PBXFileReference; lastKnownFileType = sourcecode.c.objc; path = WirestormChallengeTests.m; sourceTree = "<group>"; };
		8DE902641B65AFA800F0C5A6 /* PostsTableViewController.h */ = {isa = PBXFileReference; fileEncoding = 4; lastKnownFileType = sourcecode.c.h; name = PostsTableViewController.h; path = Controllers/PostsTableViewController.h; sourceTree = "<group>"; };
		8DE902651B65AFA800F0C5A6 /* PostsTableViewController.m */ = {isa = PBXFileReference; fileEncoding = 4; lastKnownFileType = sourcecode.c.objc; name = PostsTableViewController.m; path = Controllers/PostsTableViewController.m; sourceTree = "<group>"; };
		8DE902671B65B02E00F0C5A6 /* Post.h */ = {isa = PBXFileReference; fileEncoding = 4; lastKnownFileType = sourcecode.c.h; name = Post.h; path = Models/Post.h; sourceTree = "<group>"; };
		8DE902681B65B02E00F0C5A6 /* Post.m */ = {isa = PBXFileReference; fileEncoding = 4; lastKnownFileType = sourcecode.c.objc; name = Post.m; path = Models/Post.m; sourceTree = "<group>"; };
		8DE9026A1B65B36100F0C5A6 /* ServerCalls.h */ = {isa = PBXFileReference; fileEncoding = 4; lastKnownFileType = sourcecode.c.h; name = ServerCalls.h; path = Models/ServerCalls.h; sourceTree = "<group>"; };
		8DE9026B1B65B36100F0C5A6 /* ServerCalls.m */ = {isa = PBXFileReference; fileEncoding = 4; lastKnownFileType = sourcecode.c.objc; name = ServerCalls.m; path = Models/ServerCalls.m; sourceTree = "<group>"; };
/* End PBXFileReference section */

/* Begin PBXFrameworksBuildPhase section */
		8DE902351B65AEFD00F0C5A6 /* Frameworks */ = {
			isa = PBXFrameworksBuildPhase;
			buildActionMask = 2147483647;
			files = (
			);
			runOnlyForDeploymentPostprocessing = 0;
		};
		8DE9024E1B65AEFE00F0C5A6 /* Frameworks */ = {
			isa = PBXFrameworksBuildPhase;
			buildActionMask = 2147483647;
			files = (
			);
			runOnlyForDeploymentPostprocessing = 0;
		};
/* End PBXFrameworksBuildPhase section */

/* Begin PBXGroup section */
		8DE9022F1B65AEFD00F0C5A6 = {
			isa = PBXGroup;
			children = (
				8DE9023A1B65AEFD00F0C5A6 /* WirestormChallenge */,
				8DE902541B65AEFE00F0C5A6 /* WirestormChallengeTests */,
				8DE902391B65AEFD00F0C5A6 /* Products */,
			);
			sourceTree = "<group>";
		};
		8DE902391B65AEFD00F0C5A6 /* Products */ = {
			isa = PBXGroup;
			children = (
				8DE902381B65AEFD00F0C5A6 /* WirestormChallenge.app */,
				8DE902511B65AEFE00F0C5A6 /* WirestormChallengeTests.xctest */,
			);
			name = Products;
			sourceTree = "<group>";
		};
		8DE9023A1B65AEFD00F0C5A6 /* WirestormChallenge */ = {
			isa = PBXGroup;
			children = (
				8DE902631B65AF3900F0C5A6 /* Controllers */,
				8DE902621B65AF3500F0C5A6 /* View */,
				8DE902611B65AF2F00F0C5A6 /* Models */,
				8DE902481B65AEFD00F0C5A6 /* Images.xcassets */,
				8DE9023B1B65AEFD00F0C5A6 /* Supporting Files */,
			);
			path = WirestormChallenge;
			sourceTree = "<group>";
		};
		8DE9023B1B65AEFD00F0C5A6 /* Supporting Files */ = {
			isa = PBXGroup;
			children = (
				8DE9023F1B65AEFD00F0C5A6 /* AppDelegate.h */,
				8DE902401B65AEFD00F0C5A6 /* AppDelegate.m */,
				8DE9023C1B65AEFD00F0C5A6 /* Info.plist */,
				8DE9023D1B65AEFD00F0C5A6 /* main.m */,
			);
			name = "Supporting Files";
			sourceTree = "<group>";
		};
		8DE902541B65AEFE00F0C5A6 /* WirestormChallengeTests */ = {
			isa = PBXGroup;
			children = (
				8DE902571B65AEFE00F0C5A6 /* WirestormChallengeTests.m */,
				8DE902551B65AEFE00F0C5A6 /* Supporting Files */,
			);
			path = WirestormChallengeTests;
			sourceTree = "<group>";
		};
		8DE902551B65AEFE00F0C5A6 /* Supporting Files */ = {
			isa = PBXGroup;
			children = (
				8DE902561B65AEFE00F0C5A6 /* Info.plist */,
			);
			name = "Supporting Files";
			sourceTree = "<group>";
		};
		8DE902611B65AF2F00F0C5A6 /* Models */ = {
			isa = PBXGroup;
			children = (
				8DE902671B65B02E00F0C5A6 /* Post.h */,
				8DE902681B65B02E00F0C5A6 /* Post.m */,
				8DE9026A1B65B36100F0C5A6 /* ServerCalls.h */,
				8DE9026B1B65B36100F0C5A6 /* ServerCalls.m */,
			);
			name = Models;
			sourceTree = "<group>";
		};
		8DE902621B65AF3500F0C5A6 /* View */ = {
			isa = PBXGroup;
			children = (
				8DE902451B65AEFD00F0C5A6 /* Main.storyboard */,
				8DE9024A1B65AEFD00F0C5A6 /* LaunchScreen.xib */,
			);
			name = View;
			sourceTree = "<group>";
		};
		8DE902631B65AF3900F0C5A6 /* Controllers */ = {
			isa = PBXGroup;
			children = (
				8DE902641B65AFA800F0C5A6 /* PostsTableViewController.h */,
				8DE902651B65AFA800F0C5A6 /* PostsTableViewController.m */,
				8DE902421B65AEFD00F0C5A6 /* ViewController.h */,
				8DE902431B65AEFD00F0C5A6 /* ViewController.m */,
			);
			name = Controllers;
			sourceTree = "<group>";
		};
/* End PBXGroup section */

/* Begin PBXNativeTarget section */
		8DE902371B65AEFD00F0C5A6 /* WirestormChallenge */ = {
			isa = PBXNativeTarget;
			buildConfigurationList = 8DE9025B1B65AEFE00F0C5A6 /* Build configuration list for PBXNativeTarget "WirestormChallenge" */;
			buildPhases = (
				8DE902341B65AEFD00F0C5A6 /* Sources */,
				8DE902351B65AEFD00F0C5A6 /* Frameworks */,
				8DE902361B65AEFD00F0C5A6 /* Resources */,
			);
			buildRules = (
			);
			dependencies = (
			);
			name = WirestormChallenge;
			productName = WirestormChallenge;
			productReference = 8DE902381B65AEFD00F0C5A6 /* WirestormChallenge.app */;
			productType = "com.apple.product-type.application";
		};
		8DE902501B65AEFE00F0C5A6 /* WirestormChallengeTests */ = {
			isa = PBXNativeTarget;
			buildConfigurationList = 8DE9025E1B65AEFE00F0C5A6 /* Build configuration list for PBXNativeTarget "WirestormChallengeTests" */;
			buildPhases = (
				8DE9024D1B65AEFE00F0C5A6 /* Sources */,
				8DE9024E1B65AEFE00F0C5A6 /* Frameworks */,
				8DE9024F1B65AEFE00F0C5A6 /* Resources */,
			);
			buildRules = (
			);
			dependencies = (
				8DE902531B65AEFE00F0C5A6 /* PBXTargetDependency */,
			);
			name = WirestormChallengeTests;
			productName = WirestormChallengeTests;
			productReference = 8DE902511B65AEFE00F0C5A6 /* WirestormChallengeTests.xctest */;
			productType = "com.apple.product-type.bundle.unit-test";
		};
/* End PBXNativeTarget section */

/* Begin PBXProject section */
		8DE902301B65AEFD00F0C5A6 /* Project object */ = {
			isa = PBXProject;
			attributes = {
				LastUpgradeCheck = 0640;
				ORGANIZATIONNAME = MAWAPE;
				TargetAttributes = {
					8DE902371B65AEFD00F0C5A6 = {
						CreatedOnToolsVersion = 6.4;
					};
					8DE902501B65AEFE00F0C5A6 = {
						CreatedOnToolsVersion = 6.4;
						TestTargetID = 8DE902371B65AEFD00F0C5A6;
					};
				};
			};
			buildConfigurationList = 8DE902331B65AEFD00F0C5A6 /* Build configuration list for PBXProject "WirestormChallenge" */;
			compatibilityVersion = "Xcode 3.2";
			developmentRegion = English;
			hasScannedForEncodings = 0;
			knownRegions = (
				en,
				Base,
			);
			mainGroup = 8DE9022F1B65AEFD00F0C5A6;
			productRefGroup = 8DE902391B65AEFD00F0C5A6 /* Products */;
			projectDirPath = "";
			projectRoot = "";
			targets = (
				8DE902371B65AEFD00F0C5A6 /* WirestormChallenge */,
				8DE902501B65AEFE00F0C5A6 /* WirestormChallengeTests */,
			);
		};
/* End PBXProject section */

/* Begin PBXResourcesBuildPhase section */
		8DE902361B65AEFD00F0C5A6 /* Resources */ = {
			isa = PBXResourcesBuildPhase;
			buildActionMask = 2147483647;
			files = (
				8DE902471B65AEFD00F0C5A6 /* Main.storyboard in Resources */,
				8DE9024C1B65AEFD00F0C5A6 /* LaunchScreen.xib in Resources */,
				8DE902491B65AEFD00F0C5A6 /* Images.xcassets in Resources */,
			);
			runOnlyForDeploymentPostprocessing = 0;
		};
		8DE9024F1B65AEFE00F0C5A6 /* Resources */ = {
			isa = PBXResourcesBuildPhase;
			buildActionMask = 2147483647;
			files = (
			);
			runOnlyForDeploymentPostprocessing = 0;
		};
/* End PBXResourcesBuildPhase section */

/* Begin PBXSourcesBuildPhase section */
		8DE902341B65AEFD00F0C5A6 /* Sources */ = {
			isa = PBXSourcesBuildPhase;
			buildActionMask = 2147483647;
			files = (
				8DE902691B65B02E00F0C5A6 /* Post.m in Sources */,
				8DE902441B65AEFD00F0C5A6 /* ViewController.m in Sources */,
				8DE9026C1B65B36100F0C5A6 /* ServerCalls.m in Sources */,
				8DE902661B65AFA800F0C5A6 /* PostsTableViewController.m in Sources */,
				8DE902411B65AEFD00F0C5A6 /* AppDelegate.m in Sources */,
				8DE9023E1B65AEFD00F0C5A6 /* main.m in Sources */,
			);
			runOnlyForDeploymentPostprocessing = 0;
		};
		8DE9024D1B65AEFE00F0C5A6 /* Sources */ = {
			isa = PBXSourcesBuildPhase;
			buildActionMask = 2147483647;
			files = (
				8DE902581B65AEFE00F0C5A6 /* WirestormChallengeTests.m in Sources */,
			);
			runOnlyForDeploymentPostprocessing = 0;
		};
/* End PBXSourcesBuildPhase section */

/* Begin PBXTargetDependency section */
		8DE902531B65AEFE00F0C5A6 /* PBXTargetDependency */ = {
			isa = PBXTargetDependency;
			target = 8DE902371B65AEFD00F0C5A6 /* WirestormChallenge */;
			targetProxy = 8DE902521B65AEFE00F0C5A6 /* PBXContainerItemProxy */;
		};
/* End PBXTargetDependency section */

/* Begin PBXVariantGroup section */
		8DE902451B65AEFD00F0C5A6 /* Main.storyboard */ = {
			isa = PBXVariantGroup;
			children = (
				8DE902461B65AEFD00F0C5A6 /* Base */,
			);
			name = Main.storyboard;
			sourceTree = "<group>";
		};
		8DE9024A1B65AEFD00F0C5A6 /* LaunchScreen.xib */ = {
			isa = PBXVariantGroup;
			children = (
				8DE9024B1B65AEFD00F0C5A6 /* Base */,
			);
			name = LaunchScreen.xib;
			sourceTree = "<group>";
		};
/* End PBXVariantGroup section */

/* Begin XCBuildConfiguration section */
		8DE902591B65AEFE00F0C5A6 /* Debug */ = {
			isa = XCBuildConfiguration;
			buildSettings = {
				ALWAYS_SEARCH_USER_PATHS = NO;
				CLANG_CXX_LANGUAGE_STANDARD = "gnu++0x";
				CLANG_CXX_LIBRARY = "libc++";
				CLANG_ENABLE_MODULES = YES;
				CLANG_ENABLE_OBJC_ARC = YES;
				CLANG_WARN_BOOL_CONVERSION = YES;
				CLANG_WARN_CONSTANT_CONVERSION = YES;
				CLANG_WARN_DIRECT_OBJC_ISA_USAGE = YES_ERROR;
				CLANG_WARN_EMPTY_BODY = YES;
				CLANG_WARN_ENUM_CONVERSION = YES;
				CLANG_WARN_INT_CONVERSION = YES;
				CLANG_WARN_OBJC_ROOT_CLASS = YES_ERROR;
				CLANG_WARN_UNREACHABLE_CODE = YES;
				CLANG_WARN__DUPLICATE_METHOD_MATCH = YES;
				"CODE_SIGN_IDENTITY[sdk=iphoneos*]" = "iPhone Developer";
				COPY_PHASE_STRIP = NO;
				DEBUG_INFORMATION_FORMAT = "dwarf-with-dsym";
				ENABLE_STRICT_OBJC_MSGSEND = YES;
				GCC_C_LANGUAGE_STANDARD = gnu99;
				GCC_DYNAMIC_NO_PIC = NO;
				GCC_NO_COMMON_BLOCKS = YES;
				GCC_OPTIMIZATION_LEVEL = 0;
				GCC_PREPROCESSOR_DEFINITIONS = (
					"DEBUG=1",
					"$(inherited)",
				);
				GCC_SYMBOLS_PRIVATE_EXTERN = NO;
				GCC_WARN_64_TO_32_BIT_CONVERSION = YES;
				GCC_WARN_ABOUT_RETURN_TYPE = YES_ERROR;
				GCC_WARN_UNDECLARED_SELECTOR = YES;
				GCC_WARN_UNINITIALIZED_AUTOS = YES_AGGRESSIVE;
				GCC_WARN_UNUSED_FUNCTION = YES;
				GCC_WARN_UNUSED_VARIABLE = YES;
				IPHONEOS_DEPLOYMENT_TARGET = 8.4;
				MTL_ENABLE_DEBUG_INFO = YES;
				ONLY_ACTIVE_ARCH = YES;
				SDKROOT = iphoneos;
			};
			name = Debug;
		};
		8DE9025A1B65AEFE00F0C5A6 /* Release */ = {
			isa = XCBuildConfiguration;
			buildSettings = {
				ALWAYS_SEARCH_USER_PATHS = NO;
				CLANG_CXX_LANGUAGE_STANDARD = "gnu++0x";
				CLANG_CXX_LIBRARY = "libc++";
				CLANG_ENABLE_MODULES = YES;
				CLANG_ENABLE_OBJC_ARC = YES;
				CLANG_WARN_BOOL_CONVERSION = YES;
				CLANG_WARN_CONSTANT_CONVERSION = YES;
				CLANG_WARN_DIRECT_OBJC_ISA_USAGE = YES_ERROR;
				CLANG_WARN_EMPTY_BODY = YES;
				CLANG_WARN_ENUM_CONVERSION = YES;
				CLANG_WARN_INT_CONVERSION = YES;
				CLANG_WARN_OBJC_ROOT_CLASS = YES_ERROR;
				CLANG_WARN_UNREACHABLE_CODE = YES;
				CLANG_WARN__DUPLICATE_METHOD_MATCH = YES;
				"CODE_SIGN_IDENTITY[sdk=iphoneos*]" = "iPhone Developer";
				COPY_PHASE_STRIP = NO;
				DEBUG_INFORMATION_FORMAT = "dwarf-with-dsym";
				ENABLE_NS_ASSERTIONS = NO;
				ENABLE_STRICT_OBJC_MSGSEND = YES;
				GCC_C_LANGUAGE_STANDARD = gnu99;
				GCC_NO_COMMON_BLOCKS = YES;
				GCC_WARN_64_TO_32_BIT_CONVERSION = YES;
				GCC_WARN_ABOUT_RETURN_TYPE = YES_ERROR;
				GCC_WARN_UNDECLARED_SELECTOR = YES;
				GCC_WARN_UNINITIALIZED_AUTOS = YES_AGGRESSIVE;
				GCC_WARN_UNUSED_FUNCTION = YES;
				GCC_WARN_UNUSED_VARIABLE = YES;
				IPHONEOS_DEPLOYMENT_TARGET = 8.4;
				MTL_ENABLE_DEBUG_INFO = NO;
				SDKROOT = iphoneos;
				VALIDATE_PRODUCT = YES;
			};
			name = Release;
		};
		8DE9025C1B65AEFE00F0C5A6 /* Debug */ = {
			isa = XCBuildConfiguration;
			buildSettings = {
				ASSETCATALOG_COMPILER_APPICON_NAME = AppIcon;
				INFOPLIST_FILE = WirestormChallenge/Info.plist;
				LD_RUNPATH_SEARCH_PATHS = "$(inherited) @executable_path/Frameworks";
				PRODUCT_NAME = "$(TARGET_NAME)";
			};
			name = Debug;
		};
		8DE9025D1B65AEFE00F0C5A6 /* Release */ = {
			isa = XCBuildConfiguration;
			buildSettings = {
				ASSETCATALOG_COMPILER_APPICON_NAME = AppIcon;
				INFOPLIST_FILE = WirestormChallenge/Info.plist;
				LD_RUNPATH_SEARCH_PATHS = "$(inherited) @executable_path/Frameworks";
				PRODUCT_NAME = "$(TARGET_NAME)";
			};
			name = Release;
		};
		8DE9025F1B65AEFE00F0C5A6 /* Debug */ = {
			isa = XCBuildConfiguration;
			buildSettings = {
				BUNDLE_LOADER = "$(TEST_HOST)";
				FRAMEWORK_SEARCH_PATHS = (
					"$(SDKROOT)/Developer/Library/Frameworks",
					"$(inherited)",
				);
				GCC_PREPROCESSOR_DEFINITIONS = (
					"DEBUG=1",
					"$(inherited)",
				);
				INFOPLIST_FILE = WirestormChallengeTests/Info.plist;
				LD_RUNPATH_SEARCH_PATHS = "$(inherited) @executable_path/Frameworks @loader_path/Frameworks";
				PRODUCT_NAME = "$(TARGET_NAME)";
				TEST_HOST = "$(BUILT_PRODUCTS_DIR)/WirestormChallenge.app/WirestormChallenge";
			};
			name = Debug;
		};
		8DE902601B65AEFE00F0C5A6 /* Release */ = {
			isa = XCBuildConfiguration;
			buildSettings = {
				BUNDLE_LOADER = "$(TEST_HOST)";
				FRAMEWORK_SEARCH_PATHS = (
					"$(SDKROOT)/Developer/Library/Frameworks",
					"$(inherited)",
				);
				INFOPLIST_FILE = WirestormChallengeTests/Info.plist;
				LD_RUNPATH_SEARCH_PATHS = "$(inherited) @executable_path/Frameworks @loader_path/Frameworks";
				PRODUCT_NAME = "$(TARGET_NAME)";
				TEST_HOST = "$(BUILT_PRODUCTS_DIR)/WirestormChallenge.app/WirestormChallenge";
			};
			name = Release;
		};
/* End XCBuildConfiguration section */

/* Begin XCConfigurationList section */
		8DE902331B65AEFD00F0C5A6 /* Build configuration list for PBXProject "WirestormChallenge" */ = {
			isa = XCConfigurationList;
			buildConfigurations = (
				8DE902591B65AEFE00F0C5A6 /* Debug */,
				8DE9025A1B65AEFE00F0C5A6 /* Release */,
			);
			defaultConfigurationIsVisible = 0;
			defaultConfigurationName = Release;
		};
		8DE9025B1B65AEFE00F0C5A6 /* Build configuration list for PBXNativeTarget "WirestormChallenge" */ = {
			isa = XCConfigurationList;
			buildConfigurations = (
				8DE9025C1B65AEFE00F0C5A6 /* Debug */,
				8DE9025D1B65AEFE00F0C5A6 /* Release */,
			);
			defaultConfigurationIsVisible = 0;
		};
		8DE9025E1B65AEFE00F0C5A6 /* Build configuration list for PBXNativeTarget "WirestormChallengeTests" */ = {
			isa = XCConfigurationList;
			buildConfigurations = (
				8DE9025F1B65AEFE00F0C5A6 /* Debug */,
				8DE902601B65AEFE00F0C5A6 /* Release */,
			);
			defaultConfigurationIsVisible = 0;
		};
/* End XCConfigurationList section */
	};
	rootObject = 8DE902301B65AEFD00F0C5A6 /* Project object */;
}
